
Microsoft Visual Studio Solution File, Format Version 12.00
Project("{FAE04EC0-301F-11D3-BF4B-00C04F79EFBC}") = "WhatsappBot", "WhatsappBot\WhatsappBot.csproj", "{F7B7051E-2D7F-485B-B268-24E108476BBA}"
EndProject
Global
	GlobalSection(SolutionConfigurationPlatforms) = preSolution
		Debug|Any CPU = Debug|Any CPU
		Release|Any CPU = Release|Any CPU
	EndGlobalSection
	GlobalSection(ProjectConfigurationPlatforms) = postSolution
		{F7B7051E-2D7F-485B-B268-24E108476BBA}.Debug|Any CPU.ActiveCfg = Debug|Any CPU
		{F7B7051E-2D7F-485B-B268-24E108476BBA}.Debug|Any CPU.Build.0 = Debug|Any CPU
		{F7B7051E-2D7F-485B-B268-24E108476BBA}.Release|Any CPU.ActiveCfg = Release|Any CPU
		{F7B7051E-2D7F-485B-B268-24E108476BBA}.Release|Any CPU.Build.0 = Release|Any CPU
	EndGlobalSection
EndGlobal
